
Microsoft Visual Studio Solution File, Format Version 12.00
# Visual Studio Version 17
VisualStudioVersion = 17.0.32014.148
MinimumVisualStudioVersion = 10.0.40219.1
Project("{FAE04EC0-301F-11D3-BF4B-00C04F79EFBC}") = "CommonTestProject", "CommonTestProject\CommonTestProject.csproj", "{52B815EB-A9B5-44C2-9A2F-214FF9E22DF4}"
EndProject
Project("{FAE04EC0-301F-11D3-BF4B-00C04F79EFBC}") = "AnalyzerTest", "ConsoleApplication4\AnalyzerTest.csproj", "{C2E84D48-FC36-4811-95EB-653684273D54}"
EndProject
Project("{FAE04EC0-301F-11D3-BF4B-00C04F79EFBC}") = "StringFormatPerformanceTest", "ConsoleApplication8\StringFormatPerformanceTest.csproj", "{61C58143-5756-4E4D-89C5-D96EF5631ED9}"
EndProject
Project("{FAE04EC0-301F-11D3-BF4B-00C04F79EFBC}") = "HttpRequestSender", "HttpRequestSender\HttpRequestSender.csproj", "{021487F0-645D-4A85-B934-AEC7791AED00}"
EndProject
Project("{FAE04EC0-301F-11D3-BF4B-00C04F79EFBC}") = "GenerateCloudBuildResult", "GenerateCloudBuildResult\GenerateCloudBuildResult.csproj", "{50908378-EBBF-4758-AADD-BA1B5402806D}"
EndProject
Project("{FAE04EC0-301F-11D3-BF4B-00C04F79EFBC}") = "DeleteStaleFolder", "DeleteStaleFolder\DeleteStaleFolder.csproj", "{9020ECAE-6FA9-4425-AAED-0D41481B8319}"
EndProject
Project("{FAE04EC0-301F-11D3-BF4B-00C04F79EFBC}") = "GenerateCopyDoneFile", "GenerateCopyDoneFile\GenerateCopyDoneFile.csproj", "{92F9DBCF-8DA8-41EC-8A84-326BAC877718}"
EndProject
Project("{FAE04EC0-301F-11D3-BF4B-00C04F79EFBC}") = "ExtractDuration", "ExtractDuration\ExtractDuration.csproj", "{236EF5D6-61B7-499E-AFAD-F51CD5864B0C}"
EndProject
Project("{FAE04EC0-301F-11D3-BF4B-00C04F79EFBC}") = "GenerateAllRegressedNodes", "ConsoleApplication1\GenerateAllRegressedNodes.csproj", "{09DF19FC-74F6-4126-8B1C-DF4CB9AD8E6A}"
EndProject
Project("{FAE04EC0-301F-11D3-BF4B-00C04F79EFBC}") = "CRv2ToPackageConverter", "ConsoleApp1\CRv2ToPackageConverter.csproj", "{4ABD507F-0774-4057-BBC2-3CD4CEBA07EE}"
EndProject
Project("{9A19103F-16F7-4668-BE54-9A1E7A4F7556}") = "AzureSecretClientTest", "AzureSecretClientTest\AzureSecretClientTest.csproj", "{067A4D72-1255-48C8-9747-5E9505919756}"
EndProject
Project("{9A19103F-16F7-4668-BE54-9A1E7A4F7556}") = "WarmupTest", "WarmupTest\WarmupTest.csproj", "{D1D0FA34-623C-43C1-8135-6A8B14F3699F}"
EndProject
Project("{9A19103F-16F7-4668-BE54-9A1E7A4F7556}") = "EnvironmentAliasMigrator", "ConsoleApp4\EnvironmentAliasMigrator.csproj", "{3F849ED0-BAE1-465B-8934-A8AEB070318C}"
EndProject
Project("{FAE04EC0-301F-11D3-BF4B-00C04F79EFBC}") = "DGrepSlectiveIndexSupport", "ConsoleApp6\DGrepSlectiveIndexSupport.csproj", "{031ECB4F-C9AC-453B-8B04-D6F2F30F0531}"
EndProject
Project("{9A19103F-16F7-4668-BE54-9A1E7A4F7556}") = "PluginConfigExtractor", "PluginConfigExtractor\PluginConfigExtractor.csproj", "{958DCC70-6DAB-430D-B7AD-56BF9DD56A7B}"
EndProject
Project("{9A19103F-16F7-4668-BE54-9A1E7A4F7556}") = "LNOMigration", "LNOMigration\LNOMigration.csproj", "{C1921D65-2359-45A1-9C98-C5308A1A046A}"
EndProject
Project("{8BC9CEB8-8B4A-11D0-8D11-00A0C91BC942}") = "CplusplusTest", "CplusplusTest\CplusplusTest.vcxproj", "{F8E34B1F-D3FD-485F-8225-34D95EE7321D}"
EndProject
Project("{9A19103F-16F7-4668-BE54-9A1E7A4F7556}") = "CommonTestProjectNetCore", "CommonTestProjectNetCore\CommonTestProjectNetCore.csproj", "{8AF7E9F6-D3D5-4197-8F5E-772B95160D36}"
EndProject
Project("{9A19103F-16F7-4668-BE54-9A1E7A4F7556}") = "ThreadPoolPriorityBenchmark", "ThreadPoolPriorityBenchmark\ThreadPoolPriorityBenchmark.csproj", "{F638068F-AD9A-4DFE-9764-7F8143E8782C}"
EndProject
Project("{9A19103F-16F7-4668-BE54-9A1E7A4F7556}") = "ProcessorAffinityTest", "ProcessorAffinityTest\ProcessorAffinityTest.csproj", "{608D2702-5F96-4594-A2AC-77D4D804FD86}"
EndProject
Project("{9A19103F-16F7-4668-BE54-9A1E7A4F7556}") = "TestCPUSlice", "TestCPUSlice\TestCPUSlice.csproj", "{9F3E50D3-384E-4D81-876B-65FB497B09C2}"
EndProject
Project("{9A19103F-16F7-4668-BE54-9A1E7A4F7556}") = "Benchmark", "EnumBenchmarkDemo\Benchmark.csproj", "{52F62D37-D247-4122-A185-4E768DFACE9D}"
EndProject
Project("{FAE04EC0-301F-11D3-BF4B-00C04F79EFBC}") = "AzureBlobDownloader", "AzureBlobDownloader\AzureBlobDownloader.csproj", "{AFD3520A-04D0-4D59-A021-63D768C73F0F}"
EndProject
Global
	GlobalSection(SolutionConfigurationPlatforms) = preSolution
		Debug|Any CPU = Debug|Any CPU
		Debug|x64 = Debug|x64
		Debug|x86 = Debug|x86
		Release|Any CPU = Release|Any CPU
		Release|x64 = Release|x64
		Release|x86 = Release|x86
	EndGlobalSection
	GlobalSection(ProjectConfigurationPlatforms) = postSolution
		{52B815EB-A9B5-44C2-9A2F-214FF9E22DF4}.Debug|Any CPU.ActiveCfg = Debug|Any CPU
		{52B815EB-A9B5-44C2-9A2F-214FF9E22DF4}.Debug|Any CPU.Build.0 = Debug|Any CPU
		{52B815EB-A9B5-44C2-9A2F-214FF9E22DF4}.Debug|x64.ActiveCfg = Debug|Any CPU
		{52B815EB-A9B5-44C2-9A2F-214FF9E22DF4}.Debug|x64.Build.0 = Debug|Any CPU
		{52B815EB-A9B5-44C2-9A2F-214FF9E22DF4}.Debug|x86.ActiveCfg = Debug|Any CPU
		{52B815EB-A9B5-44C2-9A2F-214FF9E22DF4}.Debug|x86.Build.0 = Debug|Any CPU
		{52B815EB-A9B5-44C2-9A2F-214FF9E22DF4}.Release|Any CPU.ActiveCfg = Release|Any CPU
		{52B815EB-A9B5-44C2-9A2F-214FF9E22DF4}.Release|Any CPU.Build.0 = Release|Any CPU
		{52B815EB-A9B5-44C2-9A2F-214FF9E22DF4}.Release|x64.ActiveCfg = Release|Any CPU
		{52B815EB-A9B5-44C2-9A2F-214FF9E22DF4}.Release|x64.Build.0 = Release|Any CPU
		{52B815EB-A9B5-44C2-9A2F-214FF9E22DF4}.Release|x86.ActiveCfg = Release|Any CPU
		{52B815EB-A9B5-44C2-9A2F-214FF9E22DF4}.Release|x86.Build.0 = Release|Any CPU
		{C2E84D48-FC36-4811-95EB-653684273D54}.Debug|Any CPU.ActiveCfg = Debug|Any CPU
		{C2E84D48-FC36-4811-95EB-653684273D54}.Debug|Any CPU.Build.0 = Debug|Any CPU
		{C2E84D48-FC36-4811-95EB-653684273D54}.Debug|x64.ActiveCfg = Debug|Any CPU
		{C2E84D48-FC36-4811-95EB-653684273D54}.Debug|x64.Build.0 = Debug|Any CPU
		{C2E84D48-FC36-4811-95EB-653684273D54}.Debug|x86.ActiveCfg = Debug|Any CPU
		{C2E84D48-FC36-4811-95EB-653684273D54}.Debug|x86.Build.0 = Debug|Any CPU
		{C2E84D48-FC36-4811-95EB-653684273D54}.Release|Any CPU.ActiveCfg = Release|Any CPU
		{C2E84D48-FC36-4811-95EB-653684273D54}.Release|Any CPU.Build.0 = Release|Any CPU
		{C2E84D48-FC36-4811-95EB-653684273D54}.Release|x64.ActiveCfg = Release|Any CPU
		{C2E84D48-FC36-4811-95EB-653684273D54}.Release|x64.Build.0 = Release|Any CPU
		{C2E84D48-FC36-4811-95EB-653684273D54}.Release|x86.ActiveCfg = Release|Any CPU
		{C2E84D48-FC36-4811-95EB-653684273D54}.Release|x86.Build.0 = Release|Any CPU
		{61C58143-5756-4E4D-89C5-D96EF5631ED9}.Debug|Any CPU.ActiveCfg = Debug|Any CPU
		{61C58143-5756-4E4D-89C5-D96EF5631ED9}.Debug|Any CPU.Build.0 = Debug|Any CPU
		{61C58143-5756-4E4D-89C5-D96EF5631ED9}.Debug|x64.ActiveCfg = Debug|Any CPU
		{61C58143-5756-4E4D-89C5-D96EF5631ED9}.Debug|x64.Build.0 = Debug|Any CPU
		{61C58143-5756-4E4D-89C5-D96EF5631ED9}.Debug|x86.ActiveCfg = Debug|Any CPU
		{61C58143-5756-4E4D-89C5-D96EF5631ED9}.Debug|x86.Build.0 = Debug|Any CPU
		{61C58143-5756-4E4D-89C5-D96EF5631ED9}.Release|Any CPU.ActiveCfg = Release|Any CPU
		{61C58143-5756-4E4D-89C5-D96EF5631ED9}.Release|Any CPU.Build.0 = Release|Any CPU
		{61C58143-5756-4E4D-89C5-D96EF5631ED9}.Release|x64.ActiveCfg = Release|Any CPU
		{61C58143-5756-4E4D-89C5-D96EF5631ED9}.Release|x64.Build.0 = Release|Any CPU
		{61C58143-5756-4E4D-89C5-D96EF5631ED9}.Release|x86.ActiveCfg = Release|Any CPU
		{61C58143-5756-4E4D-89C5-D96EF5631ED9}.Release|x86.Build.0 = Release|Any CPU
		{021487F0-645D-4A85-B934-AEC7791AED00}.Debug|Any CPU.ActiveCfg = Debug|Any CPU
		{021487F0-645D-4A85-B934-AEC7791AED00}.Debug|Any CPU.Build.0 = Debug|Any CPU
		{021487F0-645D-4A85-B934-AEC7791AED00}.Debug|x64.ActiveCfg = Debug|Any CPU
		{021487F0-645D-4A85-B934-AEC7791AED00}.Debug|x64.Build.0 = Debug|Any CPU
		{021487F0-645D-4A85-B934-AEC7791AED00}.Debug|x86.ActiveCfg = Debug|Any CPU
		{021487F0-645D-4A85-B934-AEC7791AED00}.Debug|x86.Build.0 = Debug|Any CPU
		{021487F0-645D-4A85-B934-AEC7791AED00}.Release|Any CPU.ActiveCfg = Release|Any CPU
		{021487F0-645D-4A85-B934-AEC7791AED00}.Release|Any CPU.Build.0 = Release|Any CPU
		{021487F0-645D-4A85-B934-AEC7791AED00}.Release|x64.ActiveCfg = Release|Any CPU
		{021487F0-645D-4A85-B934-AEC7791AED00}.Release|x64.Build.0 = Release|Any CPU
		{021487F0-645D-4A85-B934-AEC7791AED00}.Release|x86.ActiveCfg = Release|Any CPU
		{021487F0-645D-4A85-B934-AEC7791AED00}.Release|x86.Build.0 = Release|Any CPU
		{50908378-EBBF-4758-AADD-BA1B5402806D}.Debug|Any CPU.ActiveCfg = Debug|Any CPU
		{50908378-EBBF-4758-AADD-BA1B5402806D}.Debug|Any CPU.Build.0 = Debug|Any CPU
		{50908378-EBBF-4758-AADD-BA1B5402806D}.Debug|x64.ActiveCfg = Debug|Any CPU
		{50908378-EBBF-4758-AADD-BA1B5402806D}.Debug|x64.Build.0 = Debug|Any CPU
		{50908378-EBBF-4758-AADD-BA1B5402806D}.Debug|x86.ActiveCfg = Debug|Any CPU
		{50908378-EBBF-4758-AADD-BA1B5402806D}.Debug|x86.Build.0 = Debug|Any CPU
		{50908378-EBBF-4758-AADD-BA1B5402806D}.Release|Any CPU.ActiveCfg = Release|Any CPU
		{50908378-EBBF-4758-AADD-BA1B5402806D}.Release|Any CPU.Build.0 = Release|Any CPU
		{50908378-EBBF-4758-AADD-BA1B5402806D}.Release|x64.ActiveCfg = Release|Any CPU
		{50908378-EBBF-4758-AADD-BA1B5402806D}.Release|x64.Build.0 = Release|Any CPU
		{50908378-EBBF-4758-AADD-BA1B5402806D}.Release|x86.ActiveCfg = Release|Any CPU
		{50908378-EBBF-4758-AADD-BA1B5402806D}.Release|x86.Build.0 = Release|Any CPU
		{9020ECAE-6FA9-4425-AAED-0D41481B8319}.Debug|Any CPU.ActiveCfg = Debug|Any CPU
		{9020ECAE-6FA9-4425-AAED-0D41481B8319}.Debug|Any CPU.Build.0 = Debug|Any CPU
		{9020ECAE-6FA9-4425-AAED-0D41481B8319}.Debug|x64.ActiveCfg = Debug|Any CPU
		{9020ECAE-6FA9-4425-AAED-0D41481B8319}.Debug|x64.Build.0 = Debug|Any CPU
		{9020ECAE-6FA9-4425-AAED-0D41481B8319}.Debug|x86.ActiveCfg = Debug|Any CPU
		{9020ECAE-6FA9-4425-AAED-0D41481B8319}.Debug|x86.Build.0 = Debug|Any CPU
		{9020ECAE-6FA9-4425-AAED-0D41481B8319}.Release|Any CPU.ActiveCfg = Release|Any CPU
		{9020ECAE-6FA9-4425-AAED-0D41481B8319}.Release|Any CPU.Build.0 = Release|Any CPU
		{9020ECAE-6FA9-4425-AAED-0D41481B8319}.Release|x64.ActiveCfg = Release|Any CPU
		{9020ECAE-6FA9-4425-AAED-0D41481B8319}.Release|x64.Build.0 = Release|Any CPU
		{9020ECAE-6FA9-4425-AAED-0D41481B8319}.Release|x86.ActiveCfg = Release|Any CPU
		{9020ECAE-6FA9-4425-AAED-0D41481B8319}.Release|x86.Build.0 = Release|Any CPU
		{92F9DBCF-8DA8-41EC-8A84-326BAC877718}.Debug|Any CPU.ActiveCfg = Debug|Any CPU
		{92F9DBCF-8DA8-41EC-8A84-326BAC877718}.Debug|Any CPU.Build.0 = Debug|Any CPU
		{92F9DBCF-8DA8-41EC-8A84-326BAC877718}.Debug|x64.ActiveCfg = Debug|Any CPU
		{92F9DBCF-8DA8-41EC-8A84-326BAC877718}.Debug|x64.Build.0 = Debug|Any CPU
		{92F9DBCF-8DA8-41EC-8A84-326BAC877718}.Debug|x86.ActiveCfg = Debug|Any CPU
		{92F9DBCF-8DA8-41EC-8A84-326BAC877718}.Debug|x86.Build.0 = Debug|Any CPU
		{92F9DBCF-8DA8-41EC-8A84-326BAC877718}.Release|Any CPU.ActiveCfg = Release|Any CPU
		{92F9DBCF-8DA8-41EC-8A84-326BAC877718}.Release|Any CPU.Build.0 = Release|Any CPU
		{92F9DBCF-8DA8-41EC-8A84-326BAC877718}.Release|x64.ActiveCfg = Release|Any CPU
		{92F9DBCF-8DA8-41EC-8A84-326BAC877718}.Release|x64.Build.0 = Release|Any CPU
		{92F9DBCF-8DA8-41EC-8A84-326BAC877718}.Release|x86.ActiveCfg = Release|Any CPU
		{92F9DBCF-8DA8-41EC-8A84-326BAC877718}.Release|x86.Build.0 = Release|Any CPU
		{236EF5D6-61B7-499E-AFAD-F51CD5864B0C}.Debug|Any CPU.ActiveCfg = Debug|Any CPU
		{236EF5D6-61B7-499E-AFAD-F51CD5864B0C}.Debug|Any CPU.Build.0 = Debug|Any CPU
		{236EF5D6-61B7-499E-AFAD-F51CD5864B0C}.Debug|x64.ActiveCfg = Debug|Any CPU
		{236EF5D6-61B7-499E-AFAD-F51CD5864B0C}.Debug|x64.Build.0 = Debug|Any CPU
		{236EF5D6-61B7-499E-AFAD-F51CD5864B0C}.Debug|x86.ActiveCfg = Debug|Any CPU
		{236EF5D6-61B7-499E-AFAD-F51CD5864B0C}.Debug|x86.Build.0 = Debug|Any CPU
		{236EF5D6-61B7-499E-AFAD-F51CD5864B0C}.Release|Any CPU.ActiveCfg = Release|Any CPU
		{236EF5D6-61B7-499E-AFAD-F51CD5864B0C}.Release|Any CPU.Build.0 = Release|Any CPU
		{236EF5D6-61B7-499E-AFAD-F51CD5864B0C}.Release|x64.ActiveCfg = Release|Any CPU
		{236EF5D6-61B7-499E-AFAD-F51CD5864B0C}.Release|x64.Build.0 = Release|Any CPU
		{236EF5D6-61B7-499E-AFAD-F51CD5864B0C}.Release|x86.ActiveCfg = Release|Any CPU
		{236EF5D6-61B7-499E-AFAD-F51CD5864B0C}.Release|x86.Build.0 = Release|Any CPU
		{09DF19FC-74F6-4126-8B1C-DF4CB9AD8E6A}.Debug|Any CPU.ActiveCfg = Debug|Any CPU
		{09DF19FC-74F6-4126-8B1C-DF4CB9AD8E6A}.Debug|Any CPU.Build.0 = Debug|Any CPU
		{09DF19FC-74F6-4126-8B1C-DF4CB9AD8E6A}.Debug|x64.ActiveCfg = Debug|Any CPU
		{09DF19FC-74F6-4126-8B1C-DF4CB9AD8E6A}.Debug|x64.Build.0 = Debug|Any CPU
		{09DF19FC-74F6-4126-8B1C-DF4CB9AD8E6A}.Debug|x86.ActiveCfg = Debug|Any CPU
		{09DF19FC-74F6-4126-8B1C-DF4CB9AD8E6A}.Debug|x86.Build.0 = Debug|Any CPU
		{09DF19FC-74F6-4126-8B1C-DF4CB9AD8E6A}.Release|Any CPU.ActiveCfg = Release|Any CPU
		{09DF19FC-74F6-4126-8B1C-DF4CB9AD8E6A}.Release|Any CPU.Build.0 = Release|Any CPU
		{09DF19FC-74F6-4126-8B1C-DF4CB9AD8E6A}.Release|x64.ActiveCfg = Release|Any CPU
		{09DF19FC-74F6-4126-8B1C-DF4CB9AD8E6A}.Release|x64.Build.0 = Release|Any CPU
		{09DF19FC-74F6-4126-8B1C-DF4CB9AD8E6A}.Release|x86.ActiveCfg = Release|Any CPU
		{09DF19FC-74F6-4126-8B1C-DF4CB9AD8E6A}.Release|x86.Build.0 = Release|Any CPU
		{4ABD507F-0774-4057-BBC2-3CD4CEBA07EE}.Debug|Any CPU.ActiveCfg = Debug|Any CPU
		{4ABD507F-0774-4057-BBC2-3CD4CEBA07EE}.Debug|Any CPU.Build.0 = Debug|Any CPU
		{4ABD507F-0774-4057-BBC2-3CD4CEBA07EE}.Debug|x64.ActiveCfg = Debug|Any CPU
		{4ABD507F-0774-4057-BBC2-3CD4CEBA07EE}.Debug|x64.Build.0 = Debug|Any CPU
		{4ABD507F-0774-4057-BBC2-3CD4CEBA07EE}.Debug|x86.ActiveCfg = Debug|Any CPU
		{4ABD507F-0774-4057-BBC2-3CD4CEBA07EE}.Debug|x86.Build.0 = Debug|Any CPU
		{4ABD507F-0774-4057-BBC2-3CD4CEBA07EE}.Release|Any CPU.ActiveCfg = Release|Any CPU
		{4ABD507F-0774-4057-BBC2-3CD4CEBA07EE}.Release|Any CPU.Build.0 = Release|Any CPU
		{4ABD507F-0774-4057-BBC2-3CD4CEBA07EE}.Release|x64.ActiveCfg = Release|Any CPU
		{4ABD507F-0774-4057-BBC2-3CD4CEBA07EE}.Release|x64.Build.0 = Release|Any CPU
		{4ABD507F-0774-4057-BBC2-3CD4CEBA07EE}.Release|x86.ActiveCfg = Release|Any CPU
		{4ABD507F-0774-4057-BBC2-3CD4CEBA07EE}.Release|x86.Build.0 = Release|Any CPU
		{067A4D72-1255-48C8-9747-5E9505919756}.Debug|Any CPU.ActiveCfg = Debug|Any CPU
		{067A4D72-1255-48C8-9747-5E9505919756}.Debug|Any CPU.Build.0 = Debug|Any CPU
		{067A4D72-1255-48C8-9747-5E9505919756}.Debug|x64.ActiveCfg = Debug|Any CPU
		{067A4D72-1255-48C8-9747-5E9505919756}.Debug|x64.Build.0 = Debug|Any CPU
		{067A4D72-1255-48C8-9747-5E9505919756}.Debug|x86.ActiveCfg = Debug|Any CPU
		{067A4D72-1255-48C8-9747-5E9505919756}.Debug|x86.Build.0 = Debug|Any CPU
		{067A4D72-1255-48C8-9747-5E9505919756}.Release|Any CPU.ActiveCfg = Release|Any CPU
		{067A4D72-1255-48C8-9747-5E9505919756}.Release|Any CPU.Build.0 = Release|Any CPU
		{067A4D72-1255-48C8-9747-5E9505919756}.Release|x64.ActiveCfg = Release|Any CPU
		{067A4D72-1255-48C8-9747-5E9505919756}.Release|x64.Build.0 = Release|Any CPU
		{067A4D72-1255-48C8-9747-5E9505919756}.Release|x86.ActiveCfg = Release|Any CPU
		{067A4D72-1255-48C8-9747-5E9505919756}.Release|x86.Build.0 = Release|Any CPU
		{D1D0FA34-623C-43C1-8135-6A8B14F3699F}.Debug|Any CPU.ActiveCfg = Debug|Any CPU
		{D1D0FA34-623C-43C1-8135-6A8B14F3699F}.Debug|Any CPU.Build.0 = Debug|Any CPU
		{D1D0FA34-623C-43C1-8135-6A8B14F3699F}.Debug|x64.ActiveCfg = Debug|Any CPU
		{D1D0FA34-623C-43C1-8135-6A8B14F3699F}.Debug|x64.Build.0 = Debug|Any CPU
		{D1D0FA34-623C-43C1-8135-6A8B14F3699F}.Debug|x86.ActiveCfg = Debug|Any CPU
		{D1D0FA34-623C-43C1-8135-6A8B14F3699F}.Debug|x86.Build.0 = Debug|Any CPU
		{D1D0FA34-623C-43C1-8135-6A8B14F3699F}.Release|Any CPU.ActiveCfg = Release|Any CPU
		{D1D0FA34-623C-43C1-8135-6A8B14F3699F}.Release|Any CPU.Build.0 = Release|Any CPU
		{D1D0FA34-623C-43C1-8135-6A8B14F3699F}.Release|x64.ActiveCfg = Release|Any CPU
		{D1D0FA34-623C-43C1-8135-6A8B14F3699F}.Release|x64.Build.0 = Release|Any CPU
		{D1D0FA34-623C-43C1-8135-6A8B14F3699F}.Release|x86.ActiveCfg = Release|Any CPU
		{D1D0FA34-623C-43C1-8135-6A8B14F3699F}.Release|x86.Build.0 = Release|Any CPU
		{3F849ED0-BAE1-465B-8934-A8AEB070318C}.Debug|Any CPU.ActiveCfg = Debug|Any CPU
		{3F849ED0-BAE1-465B-8934-A8AEB070318C}.Debug|Any CPU.Build.0 = Debug|Any CPU
		{3F849ED0-BAE1-465B-8934-A8AEB070318C}.Debug|x64.ActiveCfg = Debug|Any CPU
		{3F849ED0-BAE1-465B-8934-A8AEB070318C}.Debug|x64.Build.0 = Debug|Any CPU
		{3F849ED0-BAE1-465B-8934-A8AEB070318C}.Debug|x86.ActiveCfg = Debug|Any CPU
		{3F849ED0-BAE1-465B-8934-A8AEB070318C}.Debug|x86.Build.0 = Debug|Any CPU
		{3F849ED0-BAE1-465B-8934-A8AEB070318C}.Release|Any CPU.ActiveCfg = Release|Any CPU
		{3F849ED0-BAE1-465B-8934-A8AEB070318C}.Release|Any CPU.Build.0 = Release|Any CPU
		{3F849ED0-BAE1-465B-8934-A8AEB070318C}.Release|x64.ActiveCfg = Release|Any CPU
		{3F849ED0-BAE1-465B-8934-A8AEB070318C}.Release|x64.Build.0 = Release|Any CPU
		{3F849ED0-BAE1-465B-8934-A8AEB070318C}.Release|x86.ActiveCfg = Release|Any CPU
		{3F849ED0-BAE1-465B-8934-A8AEB070318C}.Release|x86.Build.0 = Release|Any CPU
		{031ECB4F-C9AC-453B-8B04-D6F2F30F0531}.Debug|Any CPU.ActiveCfg = Debug|Any CPU
		{031ECB4F-C9AC-453B-8B04-D6F2F30F0531}.Debug|Any CPU.Build.0 = Debug|Any CPU
		{031ECB4F-C9AC-453B-8B04-D6F2F30F0531}.Debug|x64.ActiveCfg = Debug|Any CPU
		{031ECB4F-C9AC-453B-8B04-D6F2F30F0531}.Debug|x64.Build.0 = Debug|Any CPU
		{031ECB4F-C9AC-453B-8B04-D6F2F30F0531}.Debug|x86.ActiveCfg = Debug|Any CPU
		{031ECB4F-C9AC-453B-8B04-D6F2F30F0531}.Debug|x86.Build.0 = Debug|Any CPU
		{031ECB4F-C9AC-453B-8B04-D6F2F30F0531}.Release|Any CPU.ActiveCfg = Release|Any CPU
		{031ECB4F-C9AC-453B-8B04-D6F2F30F0531}.Release|Any CPU.Build.0 = Release|Any CPU
		{031ECB4F-C9AC-453B-8B04-D6F2F30F0531}.Release|x64.ActiveCfg = Release|Any CPU
		{031ECB4F-C9AC-453B-8B04-D6F2F30F0531}.Release|x64.Build.0 = Release|Any CPU
		{031ECB4F-C9AC-453B-8B04-D6F2F30F0531}.Release|x86.ActiveCfg = Release|Any CPU
		{031ECB4F-C9AC-453B-8B04-D6F2F30F0531}.Release|x86.Build.0 = Release|Any CPU
		{958DCC70-6DAB-430D-B7AD-56BF9DD56A7B}.Debug|Any CPU.ActiveCfg = Debug|Any CPU
		{958DCC70-6DAB-430D-B7AD-56BF9DD56A7B}.Debug|Any CPU.Build.0 = Debug|Any CPU
		{958DCC70-6DAB-430D-B7AD-56BF9DD56A7B}.Debug|x64.ActiveCfg = Debug|Any CPU
		{958DCC70-6DAB-430D-B7AD-56BF9DD56A7B}.Debug|x64.Build.0 = Debug|Any CPU
		{958DCC70-6DAB-430D-B7AD-56BF9DD56A7B}.Debug|x86.ActiveCfg = Debug|Any CPU
		{958DCC70-6DAB-430D-B7AD-56BF9DD56A7B}.Debug|x86.Build.0 = Debug|Any CPU
		{958DCC70-6DAB-430D-B7AD-56BF9DD56A7B}.Release|Any CPU.ActiveCfg = Release|Any CPU
		{958DCC70-6DAB-430D-B7AD-56BF9DD56A7B}.Release|Any CPU.Build.0 = Release|Any CPU
		{958DCC70-6DAB-430D-B7AD-56BF9DD56A7B}.Release|x64.ActiveCfg = Release|Any CPU
		{958DCC70-6DAB-430D-B7AD-56BF9DD56A7B}.Release|x64.Build.0 = Release|Any CPU
		{958DCC70-6DAB-430D-B7AD-56BF9DD56A7B}.Release|x86.ActiveCfg = Release|Any CPU
		{958DCC70-6DAB-430D-B7AD-56BF9DD56A7B}.Release|x86.Build.0 = Release|Any CPU
		{C1921D65-2359-45A1-9C98-C5308A1A046A}.Debug|Any CPU.ActiveCfg = Debug|Any CPU
		{C1921D65-2359-45A1-9C98-C5308A1A046A}.Debug|Any CPU.Build.0 = Debug|Any CPU
		{C1921D65-2359-45A1-9C98-C5308A1A046A}.Debug|x64.ActiveCfg = Debug|Any CPU
		{C1921D65-2359-45A1-9C98-C5308A1A046A}.Debug|x64.Build.0 = Debug|Any CPU
		{C1921D65-2359-45A1-9C98-C5308A1A046A}.Debug|x86.ActiveCfg = Debug|Any CPU
		{C1921D65-2359-45A1-9C98-C5308A1A046A}.Debug|x86.Build.0 = Debug|Any CPU
		{C1921D65-2359-45A1-9C98-C5308A1A046A}.Release|Any CPU.ActiveCfg = Release|Any CPU
		{C1921D65-2359-45A1-9C98-C5308A1A046A}.Release|Any CPU.Build.0 = Release|Any CPU
		{C1921D65-2359-45A1-9C98-C5308A1A046A}.Release|x64.ActiveCfg = Release|Any CPU
		{C1921D65-2359-45A1-9C98-C5308A1A046A}.Release|x64.Build.0 = Release|Any CPU
		{C1921D65-2359-45A1-9C98-C5308A1A046A}.Release|x86.ActiveCfg = Release|Any CPU
		{C1921D65-2359-45A1-9C98-C5308A1A046A}.Release|x86.Build.0 = Release|Any CPU
		{F8E34B1F-D3FD-485F-8225-34D95EE7321D}.Debug|Any CPU.ActiveCfg = Debug|x64
		{F8E34B1F-D3FD-485F-8225-34D95EE7321D}.Debug|Any CPU.Build.0 = Debug|x64
		{F8E34B1F-D3FD-485F-8225-34D95EE7321D}.Debug|x64.ActiveCfg = Debug|x64
		{F8E34B1F-D3FD-485F-8225-34D95EE7321D}.Debug|x64.Build.0 = Debug|x64
		{F8E34B1F-D3FD-485F-8225-34D95EE7321D}.Debug|x86.ActiveCfg = Debug|Win32
		{F8E34B1F-D3FD-485F-8225-34D95EE7321D}.Debug|x86.Build.0 = Debug|Win32
		{F8E34B1F-D3FD-485F-8225-34D95EE7321D}.Release|Any CPU.ActiveCfg = Release|x64
		{F8E34B1F-D3FD-485F-8225-34D95EE7321D}.Release|Any CPU.Build.0 = Release|x64
		{F8E34B1F-D3FD-485F-8225-34D95EE7321D}.Release|x64.ActiveCfg = Release|x64
		{F8E34B1F-D3FD-485F-8225-34D95EE7321D}.Release|x64.Build.0 = Release|x64
		{F8E34B1F-D3FD-485F-8225-34D95EE7321D}.Release|x86.ActiveCfg = Release|Win32
		{F8E34B1F-D3FD-485F-8225-34D95EE7321D}.Release|x86.Build.0 = Release|Win32
		{8AF7E9F6-D3D5-4197-8F5E-772B95160D36}.Debug|Any CPU.ActiveCfg = Debug|Any CPU
		{8AF7E9F6-D3D5-4197-8F5E-772B95160D36}.Debug|Any CPU.Build.0 = Debug|Any CPU
		{8AF7E9F6-D3D5-4197-8F5E-772B95160D36}.Debug|x64.ActiveCfg = Debug|Any CPU
		{8AF7E9F6-D3D5-4197-8F5E-772B95160D36}.Debug|x64.Build.0 = Debug|Any CPU
		{8AF7E9F6-D3D5-4197-8F5E-772B95160D36}.Debug|x86.ActiveCfg = Debug|Any CPU
		{8AF7E9F6-D3D5-4197-8F5E-772B95160D36}.Debug|x86.Build.0 = Debug|Any CPU
		{8AF7E9F6-D3D5-4197-8F5E-772B95160D36}.Release|Any CPU.ActiveCfg = Release|Any CPU
		{8AF7E9F6-D3D5-4197-8F5E-772B95160D36}.Release|Any CPU.Build.0 = Release|Any CPU
		{8AF7E9F6-D3D5-4197-8F5E-772B95160D36}.Release|x64.ActiveCfg = Release|Any CPU
		{8AF7E9F6-D3D5-4197-8F5E-772B95160D36}.Release|x64.Build.0 = Release|Any CPU
		{8AF7E9F6-D3D5-4197-8F5E-772B95160D36}.Release|x86.ActiveCfg = Release|Any CPU
		{8AF7E9F6-D3D5-4197-8F5E-772B95160D36}.Release|x86.Build.0 = Release|Any CPU
		{F638068F-AD9A-4DFE-9764-7F8143E8782C}.Debug|Any CPU.ActiveCfg = Debug|Any CPU
		{F638068F-AD9A-4DFE-9764-7F8143E8782C}.Debug|Any CPU.Build.0 = Debug|Any CPU
		{F638068F-AD9A-4DFE-9764-7F8143E8782C}.Debug|x64.ActiveCfg = Debug|Any CPU
		{F638068F-AD9A-4DFE-9764-7F8143E8782C}.Debug|x64.Build.0 = Debug|Any CPU
		{F638068F-AD9A-4DFE-9764-7F8143E8782C}.Debug|x86.ActiveCfg = Debug|Any CPU
		{F638068F-AD9A-4DFE-9764-7F8143E8782C}.Debug|x86.Build.0 = Debug|Any CPU
		{F638068F-AD9A-4DFE-9764-7F8143E8782C}.Release|Any CPU.ActiveCfg = Release|Any CPU
		{F638068F-AD9A-4DFE-9764-7F8143E8782C}.Release|Any CPU.Build.0 = Release|Any CPU
		{F638068F-AD9A-4DFE-9764-7F8143E8782C}.Release|x64.ActiveCfg = Release|Any CPU
		{F638068F-AD9A-4DFE-9764-7F8143E8782C}.Release|x64.Build.0 = Release|Any CPU
		{F638068F-AD9A-4DFE-9764-7F8143E8782C}.Release|x86.ActiveCfg = Release|Any CPU
		{F638068F-AD9A-4DFE-9764-7F8143E8782C}.Release|x86.Build.0 = Release|Any CPU
		{608D2702-5F96-4594-A2AC-77D4D804FD86}.Debug|Any CPU.ActiveCfg = Debug|Any CPU
		{608D2702-5F96-4594-A2AC-77D4D804FD86}.Debug|Any CPU.Build.0 = Debug|Any CPU
		{608D2702-5F96-4594-A2AC-77D4D804FD86}.Debug|x64.ActiveCfg = Debug|Any CPU
		{608D2702-5F96-4594-A2AC-77D4D804FD86}.Debug|x64.Build.0 = Debug|Any CPU
		{608D2702-5F96-4594-A2AC-77D4D804FD86}.Debug|x86.ActiveCfg = Debug|Any CPU
		{608D2702-5F96-4594-A2AC-77D4D804FD86}.Debug|x86.Build.0 = Debug|Any CPU
		{608D2702-5F96-4594-A2AC-77D4D804FD86}.Release|Any CPU.ActiveCfg = Release|Any CPU
		{608D2702-5F96-4594-A2AC-77D4D804FD86}.Release|Any CPU.Build.0 = Release|Any CPU
		{608D2702-5F96-4594-A2AC-77D4D804FD86}.Release|x64.ActiveCfg = Release|Any CPU
		{608D2702-5F96-4594-A2AC-77D4D804FD86}.Release|x64.Build.0 = Release|Any CPU
		{608D2702-5F96-4594-A2AC-77D4D804FD86}.Release|x86.ActiveCfg = Release|Any CPU
		{608D2702-5F96-4594-A2AC-77D4D804FD86}.Release|x86.Build.0 = Release|Any CPU
		{9F3E50D3-384E-4D81-876B-65FB497B09C2}.Debug|Any CPU.ActiveCfg = Debug|Any CPU
		{9F3E50D3-384E-4D81-876B-65FB497B09C2}.Debug|Any CPU.Build.0 = Debug|Any CPU
		{9F3E50D3-384E-4D81-876B-65FB497B09C2}.Debug|x64.ActiveCfg = Debug|Any CPU
		{9F3E50D3-384E-4D81-876B-65FB497B09C2}.Debug|x64.Build.0 = Debug|Any CPU
		{9F3E50D3-384E-4D81-876B-65FB497B09C2}.Debug|x86.ActiveCfg = Debug|Any CPU
		{9F3E50D3-384E-4D81-876B-65FB497B09C2}.Debug|x86.Build.0 = Debug|Any CPU
		{9F3E50D3-384E-4D81-876B-65FB497B09C2}.Release|Any CPU.ActiveCfg = Release|Any CPU
		{9F3E50D3-384E-4D81-876B-65FB497B09C2}.Release|Any CPU.Build.0 = Release|Any CPU
		{9F3E50D3-384E-4D81-876B-65FB497B09C2}.Release|x64.ActiveCfg = Release|Any CPU
		{9F3E50D3-384E-4D81-876B-65FB497B09C2}.Release|x64.Build.0 = Release|Any CPU
		{9F3E50D3-384E-4D81-876B-65FB497B09C2}.Release|x86.ActiveCfg = Release|Any CPU
		{9F3E50D3-384E-4D81-876B-65FB497B09C2}.Release|x86.Build.0 = Release|Any CPU
		{52F62D37-D247-4122-A185-4E768DFACE9D}.Debug|Any CPU.ActiveCfg = Debug|Any CPU
		{52F62D37-D247-4122-A185-4E768DFACE9D}.Debug|Any CPU.Build.0 = Debug|Any CPU
		{52F62D37-D247-4122-A185-4E768DFACE9D}.Debug|x64.ActiveCfg = Debug|Any CPU
		{52F62D37-D247-4122-A185-4E768DFACE9D}.Debug|x64.Build.0 = Debug|Any CPU
		{52F62D37-D247-4122-A185-4E768DFACE9D}.Debug|x86.ActiveCfg = Debug|Any CPU
		{52F62D37-D247-4122-A185-4E768DFACE9D}.Debug|x86.Build.0 = Debug|Any CPU
		{52F62D37-D247-4122-A185-4E768DFACE9D}.Release|Any CPU.ActiveCfg = Release|Any CPU
		{52F62D37-D247-4122-A185-4E768DFACE9D}.Release|Any CPU.Build.0 = Release|Any CPU
		{52F62D37-D247-4122-A185-4E768DFACE9D}.Release|x64.ActiveCfg = Release|Any CPU
		{52F62D37-D247-4122-A185-4E768DFACE9D}.Release|x64.Build.0 = Release|Any CPU
		{52F62D37-D247-4122-A185-4E768DFACE9D}.Release|x86.ActiveCfg = Release|Any CPU
		{52F62D37-D247-4122-A185-4E768DFACE9D}.Release|x86.Build.0 = Release|Any CPU
		{AFD3520A-04D0-4D59-A021-63D768C73F0F}.Debug|Any CPU.ActiveCfg = Debug|Any CPU
		{AFD3520A-04D0-4D59-A021-63D768C73F0F}.Debug|Any CPU.Build.0 = Debug|Any CPU
		{AFD3520A-04D0-4D59-A021-63D768C73F0F}.Debug|x64.ActiveCfg = Debug|Any CPU
		{AFD3520A-04D0-4D59-A021-63D768C73F0F}.Debug|x64.Build.0 = Debug|Any CPU
		{AFD3520A-04D0-4D59-A021-63D768C73F0F}.Debug|x86.ActiveCfg = Debug|Any CPU
		{AFD3520A-04D0-4D59-A021-63D768C73F0F}.Debug|x86.Build.0 = Debug|Any CPU
		{AFD3520A-04D0-4D59-A021-63D768C73F0F}.Release|Any CPU.ActiveCfg = Release|Any CPU
		{AFD3520A-04D0-4D59-A021-63D768C73F0F}.Release|Any CPU.Build.0 = Release|Any CPU
		{AFD3520A-04D0-4D59-A021-63D768C73F0F}.Release|x64.ActiveCfg = Release|Any CPU
		{AFD3520A-04D0-4D59-A021-63D768C73F0F}.Release|x64.Build.0 = Release|Any CPU
		{AFD3520A-04D0-4D59-A021-63D768C73F0F}.Release|x86.ActiveCfg = Release|Any CPU
		{AFD3520A-04D0-4D59-A021-63D768C73F0F}.Release|x86.Build.0 = Release|Any CPU
	EndGlobalSection
	GlobalSection(SolutionProperties) = preSolution
		HideSolutionNode = FALSE
	EndGlobalSection
	GlobalSection(ExtensibilityGlobals) = postSolution
		SolutionGuid = {B21A8CE8-5537-4525-AB46-98DFD46A7BB5}
	EndGlobalSection
EndGlobal
